
Microsoft Visual Studio Solution File, Format Version 12.00
Project("{FAE04EC0-301F-11D3-BF4B-00C04F79EFBC}") = "EFCore.WebAPI", "EFCore.WebAPI\EFCore.WebAPI.csproj", "{BD44A5B3-2961-4671-BFF6-1C8184011B98}"
EndProject
Global
	GlobalSection(SolutionConfigurationPlatforms) = preSolution
		Debug|Any CPU = Debug|Any CPU
		Release|Any CPU = Release|Any CPU
	EndGlobalSection
	GlobalSection(ProjectConfigurationPlatforms) = postSolution
		{BD44A5B3-2961-4671-BFF6-1C8184011B98}.Debug|Any CPU.ActiveCfg = Debug|Any CPU
		{BD44A5B3-2961-4671-BFF6-1C8184011B98}.Debug|Any CPU.Build.0 = Debug|Any CPU
		{BD44A5B3-2961-4671-BFF6-1C8184011B98}.Release|Any CPU.ActiveCfg = Release|Any CPU
		{BD44A5B3-2961-4671-BFF6-1C8184011B98}.Release|Any CPU.Build.0 = Release|Any CPU
	EndGlobalSection
EndGlobal
